
Microsoft Visual Studio Solution File, Format Version 12.00
# Visual Studio Version 16
VisualStudioVersion = 16.0.29613.14
MinimumVisualStudioVersion = 10.0.40219.1
Project("{FAE04EC0-301F-11D3-BF4B-00C04F79EFBC}") = "JWT", "JWT\JWT.csproj", "{3F979A61-5215-40E7-A717-8C8F6B6D4495}"
EndProject
Global
	GlobalSection(SolutionConfigurationPlatforms) = preSolution
		Debug|Any CPU = Debug|Any CPU
		Release|Any CPU = Release|Any CPU
	EndGlobalSection
	GlobalSection(ProjectConfigurationPlatforms) = postSolution
		{3F979A61-5215-40E7-A717-8C8F6B6D4495}.Debug|Any CPU.ActiveCfg = Debug|Any CPU
		{3F979A61-5215-40E7-A717-8C8F6B6D4495}.Debug|Any CPU.Build.0 = Debug|Any CPU
		{3F979A61-5215-40E7-A717-8C8F6B6D4495}.Release|Any CPU.ActiveCfg = Release|Any CPU
		{3F979A61-5215-40E7-A717-8C8F6B6D4495}.Release|Any CPU.Build.0 = Release|Any CPU
	EndGlobalSection
	GlobalSection(SolutionProperties) = preSolution
		HideSolutionNode = FALSE
	EndGlobalSection
	GlobalSection(ExtensibilityGlobals) = postSolution
		SolutionGuid = {7FFE00B3-02AE-4345-B762-80F9433268B5}
	EndGlobalSection
EndGlobal
